{
    "name": "WikiMigrate",
    "version": "1.0.0",
    "lockfileVersion": 1,
    "dependencies": {
        "@types/node": {
            "version": "7.0.22",
            "resolved": "https://registry.npmjs.org/@types/node/-/node-7.0.22.tgz",
            "integrity": "sha1-RZP02Ci91hKSlHjqQMZ7T0A8olU=",
            "dev": true
        },
        "typescript": {
            "version": "2.3.4",
            "resolved": "https://registry.npmjs.org/typescript/-/typescript-2.3.4.tgz",
            "integrity": "sha1-PTgyGCgjHkNPKHUUlZw3qCtin0I=",
            "dev": true
        }
    }
}
